
Microsoft Visual Studio Solution File, Format Version 12.00
Project("{FAE04EC0-301F-11D3-BF4B-00C04F79EFBC}") = "Back", "Back\Back.csproj", "{82BE180C-A953-475D-B788-2BD0BE6662B1}"
EndProject
Global
	GlobalSection(SolutionConfigurationPlatforms) = preSolution
		Debug|Any CPU = Debug|Any CPU
		Release|Any CPU = Release|Any CPU
	EndGlobalSection
	GlobalSection(ProjectConfigurationPlatforms) = postSolution
		{82BE180C-A953-475D-B788-2BD0BE6662B1}.Debug|Any CPU.ActiveCfg = Debug|Any CPU
		{82BE180C-A953-475D-B788-2BD0BE6662B1}.Debug|Any CPU.Build.0 = Debug|Any CPU
		{82BE180C-A953-475D-B788-2BD0BE6662B1}.Release|Any CPU.ActiveCfg = Release|Any CPU
		{82BE180C-A953-475D-B788-2BD0BE6662B1}.Release|Any CPU.Build.0 = Release|Any CPU
	EndGlobalSection
EndGlobal
